github.com/BurntSushi/toml v1.3.2 h1:o7IhLm0Msx3BaB+n3Ag7L8EVlByGnpq14C4YWiu/gL8=
github.com/BurntSushi/toml v1.3.2/go.mod h1:CxXYINrC8qIiEnFrOxCa7Jy5BFHlXnUU2pbicEuybxQ=
github.com/Implex-ltd/GoCycle v0.0.0-20230820072814-d220b36de3ae h1:7/xY9fDJa5lE6MBVgnL5KyicrlPteU2XMi1uxnYHeIA=
github.com/Implex-ltd/GoCycle v0.0.0-20230820072814-d220b36de3ae/go.mod h1:1oe8qb9iRFVtv7YipOm9jgP6RiIxizuWlsT7yl95+J8=
github.com/Implex-ltd/cleanhttp v0.0.0-20230819172856-3609e39c4dea h1:mg5OWGrqwt1/iQuMqYAZXYdRnADN56kuHvTqFKLhtDc=
github.com/Implex-ltd/cleanhttp v0.0.0-20230819172856-3609e39c4dea/go.mod h1:L08uIj8QK0n46N3uoHol/0lckNififGHZg9Y0u8gU+k=
github.com/Implex-ltd/cleanhttp v0.0.0-20230821101257-df2d6c5c4147 h1:8EYm/TwNrn4+xIb2mhasIuTRfRUbbPjOaADeJYfgtIg=
github.com/Implex-ltd/cleanhttp v0.0.0-20230821101257-df2d6c5c4147/go.mod h1:L08uIj8QK0n46N3uoHol/0lckNififGHZg9Y0u8gU+k=
github.com/Implex-ltd/cleanhttp v0.0.0-20230821101853-39283a14c9ec h1:1s5dt5hNRlgaqVXMO/Mz+5BXl9VnJNlfSrlX67SrSX0=
github.com/Implex-ltd/cleanhttp v0.0.0-20230821101853-39283a14c9ec/go.mod h1:L08uIj8QK0n46N3uoHol/0lckNififGHZg9Y0u8gU+k=
github.com/Implex-ltd/cleanhttp v0.0.0-20230821113550-09c17cdbd51f h1:iTD0mMSdFACn95/BzQLV86mWAKwieegYkW2G/p2ltW8=
github.com/Implex-ltd/cleanhttp v0.0.0-20230821113550-09c17cdbd51f/go.mod h1:L08uIj8QK0n46N3uoHol/0lckNififGHZg9Y0u8gU+k=
github.com/Implex-ltd/cleanhttp v0.0.0-20230821170338-193530e8f10a h1:mCbaKcTmsPrkBgWlgSJtP2aM/qlLB3siVqgqULgLoe4=
github.com/Implex-ltd/cleanhttp v0.0.0-20230821170338-193530e8f10a/go.mod h1:L08uIj8QK0n46N3uoHol/0lckNififGHZg9Y0u8gU+k=
github.com/Implex-ltd/cleanhttp v0.0.0-20230821193203-074c6c8003fb h1:MtRJ4ULNd8KoaqKX3xgzmKCVMvcR6gc23kFUPl+aHss=
github.com/Implex-ltd/cleanhttp v0.0.0-20230821193203-074c6c8003fb/go.mod h1:L08uIj8QK0n46N3uoHol/0lckNififGHZg9Y0u8gU+k=
github.com/Implex-ltd/cleanhttp v0.0.0-20230822061846-9d616913fb9b h1:0usKLXhyUPJRiUukpnfpXKqHEG62hY9UU2e4QaXOcUc=
github.com/Implex-ltd/cleanhttp v0.0.0-20230822061846-9d616913fb9b/go.mod h1:L08uIj8QK0n46N3uoHol/0lckNififGHZg9Y0u8gU+k=
github.com/Implex-ltd/fingerprint-client v0.0.0-20230813033749-fc63d297c0c3 h1:Si/JxlJCzm3orIwds4QUi1ewBNHXTQQqZWf6L373tbo=
github.com/Implex-ltd/fingerprint-client v0.0.0-20230813033749-fc63d297c0c3/go.mod h1:EpUCk9T3cIggc89ikNdwqTSYnlQ8wVgHah/jTBQukyQ=
github.com/Implex-ltd/ucdiscord v0.0.0-20230819172929-23ef5060175e h1:fV9+GllXzBkyjKQHat4ygzEJGNSnbF2KPXqIkYTtOZ8=
github.com/Implex-ltd/ucdiscord v0.0.0-20230819172929-23ef5060175e/go.mod h1:nOFbqVljPS8ZQA5kNCM48JWzlTImvaeFQ8bCDUP8hWk=
github.com/Implex-ltd/ucdiscord v0.0.0-20230821065120-4b547557e603 h1:A4LiNoGDkgVRiyoUP3YuVygeSKJX39ZKK/nuLLK3G0A=
github.com/Implex-ltd/ucdiscord v0.0.0-20230821065120-4b547557e603/go.mod h1:nOFbqVljPS8ZQA5kNCM48JWzlTImvaeFQ8bCDUP8hWk=
github.com/Implex-ltd/ucdiscord v0.0.0-20230821065942-7ea9bf1b7f14 h1:1m6vMRCYr3QSdnhArpIx7gkcEwqbcru4+xMuvXBwQlY=
github.com/Implex-ltd/ucdiscord v0.0.0-20230821065942-7ea9bf1b7f14/go.mod h1:nOFbqVljPS8ZQA5kNCM48JWzlTImvaeFQ8bCDUP8hWk=
github.com/Implex-ltd/ucdiscord v0.0.0-20230821101413-482e108f7a19 h1:ksPd6ipo1gUx8oltt8Wld/GC/RO1g9RqRE33gVDr4WQ=
github.com/Implex-ltd/ucdiscord v0.0.0-20230821101413-482e108f7a19/go.mod h1:QBVHXZhRGkznhYTj8AI6tLFYCgk6ygu8VDx8vOtMooU=
github.com/Implex-ltd/ucdiscord v0.0.0-20230821102004-c26b12fb30c1 h1:2sIX358MJwmVp9xXO2kxpNmxden8zrJ63FyTQkwwGuA=
github.com/Implex-ltd/ucdiscord v0.0.0-20230821102004-c26b12fb30c1/go.mod h1:oXC0wkCYVWFJo9aaeoBkZpHNAspKriM9QG7obqq+xu4=
github.com/Implex-ltd/ucdiscord v0.0.0-20230821113810-2e49c7bc6f2f h1:0C63wPmq1byWKAzDVS9r5cTLhrxOMzfNuaA1URTe4SY=
github.com/Implex-ltd/ucdiscord v0.0.0-20230821113810-2e49c7bc6f2f/go.mod h1:SLRUgAiM5pRBCi69iS7NSL5+7tC15I3egnBQCQsa+KU=
github.com/Implex-ltd/ucdiscord v0.0.0-20230821115046-97f9e69d7483 h1:DG9a07696FqQY92lSXgQSLVUVsYuJaqrvHAYR5unXPk=
github.com/Implex-ltd/ucdiscord v0.0.0-20230821115046-97f9e69d7483/go.mod h1:SLRUgAiM5pRBCi69iS7NSL5+7tC15I3egnBQCQsa+KU=
github.com/Implex-ltd/ucdiscord v0.0.0-20230821195420-c6a3a39f1d40 h1:+n3e5lp6cEmVB+JVE8xPR17vc9tjRvCVH6fdkVs67fI=
github.com/Implex-ltd/ucdiscord v0.0.0-20230821195420-c6a3a39f1d40/go.mod h1:epHA005oR/2/3Y+km+YM4xNSDOFvoyOlei1OEiakyuE=
github.com/Implex-ltd/ucdiscord v0.0.0-20230824144851-cb45de2176e1 h1:q/vgMgq+g6+cILLsr9o8xfLIny0OWeyAvgxyFzKZMH0=
github.com/Implex-ltd/ucdiscord v0.0.0-20230824144851-cb45de2176e1/go.mod h1:epHA005oR/2/3Y+km+YM4xNSDOFvoyOlei1OEiakyuE=
github.com/Implex-ltd/ucdiscord v0.0.0-20230824145813-e4e4b9df7090 h1:6DGVxn6icddL2zD2lVwfy7xzWqKAzora50YddX4j0+I=
github.com/Implex-ltd/ucdiscord v0.0.0-20230824145813-e4e4b9df7090/go.mod h1:epHA005oR/2/3Y+km+YM4xNSDOFvoyOlei1OEiakyuE=
github.com/andybalholm/brotli v1.0.5 h1:8uQZIdzKmjc/iuPu7O2ioW48L81FgatrcpfFmiq/cCs=
github.com/andybalholm/brotli v1.0.5/go.mod h1:fO7iG3H7G2nSZ7m0zPUDn85XEX2GTukHGRSepvi9Eig=
github.com/bogdanfinn/fhttp v0.5.23 h1:4Xb5OjYArB8GpnUw4A4r5jmt8UW0/Cvey3R9nS2dC9U=
github.com/bogdanfinn/fhttp v0.5.23/go.mod h1:brqi5woc5eSCVHdKYBV8aZLbO7HGqpwyDLeXW+fT18I=
github.com/bogdanfinn/tls-client v1.5.0 h1:L/d4AL+8RRw+6o9wwhpii45I6RO2CEkgRV4NeE0NAxo=
github.com/bogdanfinn/tls-client v1.5.0/go.mod h1:lgtqsHjoJYQMPz6H08bc8t30bmUaYnVjwtfVEzMGJDs=
github.com/bogdanfinn/utls v1.5.16 h1:NhhWkegEcYETBMj9nvgO4lwvc6NcLH+znrXzO3gnw4M=
github.com/bogdanfinn/utls v1.5.16/go.mod h1:mHeRCi69cUiEyVBkKONB1cAbLjRcZnlJbGzttmiuK4o=
github.com/danwakefield/fnmatch v0.0.0-20160403171240-cbb64ac3d964 h1:y5HC9v93H5EPKqaS1UYVg1uYah5Xf51mBfIoWehClUQ=
github.com/danwakefield/fnmatch v0.0.0-20160403171240-cbb64ac3d964/go.mod h1:Xd9hchkHSWYkEqJwUGisez3G1QY8Ryz0sdWrLPMGjLk=
github.com/davecgh/go-spew v1.1.0/go.mod h1:J7Y8YcW2NihsgmVo/mv3lAwl/skON4iLHjSsI+c5H38=
github.com/fatih/color v1.15.0 h1:kOqh6YHBtK8aywxGerMG2Eq3H6Qgoqeo13Bk2Mv/nBs=
github.com/fatih/color v1.15.0/go.mod h1:0h5ZqXfHYED7Bhv2ZJamyIOUej9KtShiJESRwBDUSsw=
github.com/go-jose/go-jose/v3 v3.0.0 h1:s6rrhirfEP/CGIoc6p+PZAeogN2SxKav6Wp7+dyMWVo=
github.com/go-jose/go-jose/v3 v3.0.0/go.mod h1:RNkWWRld676jZEYoV3+XK8L2ZnNSvIsxFMht0mSX+u8=
github.com/go-stack/stack v1.8.1 h1:ntEHSVwIt7PNXNpgPmVfMrNhLtgjlmnZha2kOpuRiDw=
github.com/go-stack/stack v1.8.1/go.mod h1:dcoOX6HbPZSZptuspn9bctJ+N/CnF5gGygcUP3XYfe4=
github.com/google/go-cmp v0.5.0/go.mod h1:v8dTdLbMG2kIc/vJvl+f65V22dbkXbowE6jgT/gNBxE=
github.com/gorilla/websocket v1.5.0 h1:PPwGk2jz7EePpoHN/+ClbZu8SPxiqlu12wZP/3sWmnc=
github.com/gorilla/websocket v1.5.0/go.mod h1:YR8l580nyteQvAITg2hZ9XVh4b55+EU/adAjf1fMHhE=
github.com/klauspost/compress v1.16.7 h1:2mk3MPGNzKyxErAw8YaohYh69+pa4sIQSC0fPGCFR9I=
github.com/klauspost/compress v1.16.7/go.mod h1:ntbaceVETuRiXiv4DpjP66DpAtAGkEQskQzEyD//IeE=
github.com/mattn/go-colorable v0.1.13 h1:fFA4WZxdEF4tXPZVKMLwD8oUnCTTo08duU7wxecdEvA=
github.com/mattn/go-colorable v0.1.13/go.mod h1:7S9/ev0klgBDR4GtXTXX8a3vIGJpMovkB8vQcUbaXHg=
github.com/mattn/go-isatty v0.0.16 h1:bq3VjFmv/sOjHtdEhmkEV4x1AJtvUvOJ2PFAZ5+peKQ=
github.com/mattn/go-isatty v0.0.16/go.mod h1:kYGgaQfpe5nmfYZH+SKPsOc2e4SrIfOl2e/yFXSvRLM=
github.com/mattn/go-isatty v0.0.17 h1:BTarxUcIeDqL27Mc+vyvdWYSL28zpIhv3RoTdsLMPng=
github.com/mattn/go-isatty v0.0.17/go.mod h1:kYGgaQfpe5nmfYZH+SKPsOc2e4SrIfOl2e/yFXSvRLM=
github.com/mssola/user_agent v0.6.0 h1:uwPR4rtWlCHRFyyP9u2KOV0u8iQXmS7Z7feTrstQwk4=
github.com/mssola/user_agent v0.6.0/go.mod h1:TTPno8LPY3wAIEKRpAtkdMT0f8SE24pLRGPahjCH4uw=
github.com/playwright-community/playwright-go v0.3500.0 h1:pWUwUa+JDibO3IOOjWsZ6d0gVehsLVCt6ZpJitePJXM=
github.com/playwright-community/playwright-go v0.3500.0/go.mod h1:5BciqynTw2vyGwuMfhqfsc7hktCoZvoYQ+TBHRxvUME=
github.com/pmezard/go-difflib v1.0.0/go.mod h1:iKH77koFhYxTK1pcRnkKkqfTogsbg7gZNVY4sRDYZ/4=
github.com/stretchr/objx v0.1.0/go.mod h1:HFkY916IF+rwdDfMAkV7OtwuqBVzrE8GR6GFx+wExME=
github.com/stretchr/testify v1.6.1/go.mod h1:6Fq8oRcR53rry900zMqJjRRixrwX3KX962/h/Wwjteg=
github.com/tam7t/hpkp v0.0.0-20160821193359-2b70b4024ed5 h1:YqAladjX7xpA6BM04leXMWAEjS0mTZ5kUU9KRBriQJc=
github.com/tam7t/hpkp v0.0.0-20160821193359-2b70b4024ed5/go.mod h1:2JjD2zLQYH5HO74y5+aE3remJQvl6q4Sn6aWA2wD1Ng=
github.com/zenthangplus/goccm v1.1.3 h1:66XVj24yexO2fCkBum8b+y6tOJ7Giq05LIn2vn3whGE=
github.com/zenthangplus/goccm v1.1.3/go.mod h1:DUzu/BC4TkgUfXP8J1P6Md73Djt+0l0CHq001Pt4weA=
go.uber.org/multierr v1.11.0 h1:blXXJkSxSSfBVBlC76pxqeO+LN3aDfLQo+309xJstO0=
go.uber.org/multierr v1.11.0/go.mod h1:20+QtiLqy0Nd6FdQB9TLXag12DsQkrbs3htMFfDN80Y=
go.uber.org/zap v1.25.0 h1:4Hvk6GtkucQ790dqmj7l1eEnRdKm3k3ZUrUMS2d5+5c=
go.uber.org/zap v1.25.0/go.mod h1:JIAUzQIH94IC4fOJQm7gMmBJP5k7wQfdcnYdPoEXJYk=
golang.org/x/crypto v0.0.0-20190308221718-c2843e01d9a2/go.mod h1:djNgcEr1/C05ACkg1iLfiJU5Ep61QUkGW8qpdssI0+w=
golang.org/x/crypto v0.0.0-20190911031432-227b76d455e7/go.mod h1:yigFU9vqHzYiE8UmvKecakEJjdnWj3jj499lnFckfCI=
golang.org/x/crypto v0.12.0 h1:tFM/ta59kqch6LlvYnPa0yx5a83cL2nHflFhYKvv9Yk=
golang.org/x/crypto v0.12.0/go.mod h1:NF0Gs7EO5K4qLn+Ylc+fih8BSTeIjAP05siRnAh98yw=
golang.org/x/exp v0.0.0-20230817173708-d852ddb80c63 h1:m64FZMko/V45gv0bNmrNYoDEq8U5YUhetc9cBWKS1TQ=
golang.org/x/exp v0.0.0-20230817173708-d852ddb80c63/go.mod h1:0v4NqG35kSWCMzLaMeX+IQrlSnVE/bqGSyC2cz/9Le8=
golang.org/x/net v0.0.0-20190404232315-eb5bcb51f2a3/go.mod h1:t9HGtf8HONx5eT2rtn7q6eTqICYqUVnKs3thJo3Qplg=
golang.org/x/net v0.14.0 h1:BONx9s002vGdD9umnlX1Po8vOZmrgH34qlHcD1MfK14=
golang.org/x/net v0.14.0/go.mod h1:PpSgVXXLK0OxS0F31C1/tv6XNguvCrnXIDrFMspZIUI=
golang.org/x/sys v0.0.0-20190215142949-d0b11bdaac8a/go.mod h1:STP8DvDyc/dI5b8T5hshtkjS+E42TnysNCUPdjciGhY=
golang.org/x/sys v0.0.0-20190412213103-97732733099d/go.mod h1:h1NjWce9XRLGQEsW7wpKNCjG9DtNlClVuFLEZdDNbEs=
golang.org/x/sys v0.0.0-20220811171246-fbc7d0a398ab/go.mod h1:oPkhp1MJrh7nUepCBck5+mAzfO9JrbApNNgaTdGDITg=
golang.org/x/sys v0.11.0 h1:eG7RXZHdqOJ1i+0lgLgCpSXAp6M3LYlAo6osgSi0xOM=
golang.org/x/sys v0.11.0/go.mod h1:oPkhp1MJrh7nUepCBck5+mAzfO9JrbApNNgaTdGDITg=
golang.org/x/text v0.3.0/go.mod h1:NqM8EUOU14njkJ3fqMW+pc6Ldnwhi/IjpwHt7yyuwOQ=
golang.org/x/text v0.12.0 h1:k+n5B8goJNdU7hSvEtMUz3d1Q6D/XW4COJSJR6fN0mc=
golang.org/x/text v0.12.0/go.mod h1:TvPlkZtksWOMsz7fbANvkp4WM8x/WCo/om8BMLbz+aE=
golang.org/x/xerrors v0.0.0-20191204190536-9bdfabe68543/go.mod h1:I/5z698sn9Ka8TeJc9MKroUUfqBBauWjQqLJ2OPfmY0=
gopkg.in/check.v1 v0.0.0-20161208181325-20d25e280405/go.mod h1:Co6ibVJAznAaIkqp8huTwlJQCZ016jof/cbN4VW5Yz0=
gopkg.in/yaml.v3 v3.0.0-20200313102051-9f266ea9e77c/go.mod h1:K4uyk7z7BCEPqu6E+C64Yfv1cQ7kz7rIZviUmN+EgEM=
